
Microsoft Visual Studio Solution File, Format Version 12.00
# Visual Studio Version 16
VisualStudioVersion = 16.0.31410.357
MinimumVisualStudioVersion = 10.0.40219.1
Project("{FAE04EC0-301F-11D3-BF4B-00C04F79EFBC}") = "Scopic.Data", "Scopic.Data\Scopic.Data.csproj", "{A8D20165-A623-44D6-9E08-5C50FD49BA0B}"
EndProject
Project("{FAE04EC0-301F-11D3-BF4B-00C04F79EFBC}") = "Scopic.Service", "Scopic.Service\Scopic.Service.csproj", "{E1FB842B-25D2-4A17-9676-66EB60BFEE78}"
EndProject
Project("{FAE04EC0-301F-11D3-BF4B-00C04F79EFBC}") = "Scopic.Api", "Scopic.Api\Scopic.Api.csproj", "{8D0E99ED-FBE9-4C32-B3ED-A9F6840F57DB}"
EndProject
Global
	GlobalSection(SolutionConfigurationPlatforms) = preSolution
		Debug|Any CPU = Debug|Any CPU
		Release|Any CPU = Release|Any CPU
	EndGlobalSection
	GlobalSection(ProjectConfigurationPlatforms) = postSolution
		{A8D20165-A623-44D6-9E08-5C50FD49BA0B}.Debug|Any CPU.ActiveCfg = Debug|Any CPU
		{A8D20165-A623-44D6-9E08-5C50FD49BA0B}.Debug|Any CPU.Build.0 = Debug|Any CPU
		{A8D20165-A623-44D6-9E08-5C50FD49BA0B}.Release|Any CPU.ActiveCfg = Release|Any CPU
		{A8D20165-A623-44D6-9E08-5C50FD49BA0B}.Release|Any CPU.Build.0 = Release|Any CPU
		{E1FB842B-25D2-4A17-9676-66EB60BFEE78}.Debug|Any CPU.ActiveCfg = Debug|Any CPU
		{E1FB842B-25D2-4A17-9676-66EB60BFEE78}.Debug|Any CPU.Build.0 = Debug|Any CPU
		{E1FB842B-25D2-4A17-9676-66EB60BFEE78}.Release|Any CPU.ActiveCfg = Release|Any CPU
		{E1FB842B-25D2-4A17-9676-66EB60BFEE78}.Release|Any CPU.Build.0 = Release|Any CPU
		{8D0E99ED-FBE9-4C32-B3ED-A9F6840F57DB}.Debug|Any CPU.ActiveCfg = Debug|Any CPU
		{8D0E99ED-FBE9-4C32-B3ED-A9F6840F57DB}.Debug|Any CPU.Build.0 = Debug|Any CPU
		{8D0E99ED-FBE9-4C32-B3ED-A9F6840F57DB}.Release|Any CPU.ActiveCfg = Release|Any CPU
		{8D0E99ED-FBE9-4C32-B3ED-A9F6840F57DB}.Release|Any CPU.Build.0 = Release|Any CPU
	EndGlobalSection
	GlobalSection(SolutionProperties) = preSolution
		HideSolutionNode = FALSE
	EndGlobalSection
	GlobalSection(ExtensibilityGlobals) = postSolution
		SolutionGuid = {1B7E5B46-F55C-4E85-880A-87859644ADB0}
	EndGlobalSection
EndGlobal
